
Microsoft Visual Studio Solution File, Format Version 12.00
# Visual Studio Version 17
VisualStudioVersion = 17.4.33213.308
MinimumVisualStudioVersion = 10.0.40219.1
Project("{FAE04EC0-301F-11D3-BF4B-00C04F79EFBC}") = "LibraryManagement", "LibraryManagement\LibraryManagement.csproj", "{22AD08E2-F3F0-4B99-94CB-C5761CF07A62}"
EndProject
Global
	GlobalSection(SolutionConfigurationPlatforms) = preSolution
		Debug|Any CPU = Debug|Any CPU
		Release|Any CPU = Release|Any CPU
	EndGlobalSection
	GlobalSection(ProjectConfigurationPlatforms) = postSolution
		{22AD08E2-F3F0-4B99-94CB-C5761CF07A62}.Debug|Any CPU.ActiveCfg = Debug|Any CPU
		{22AD08E2-F3F0-4B99-94CB-C5761CF07A62}.Debug|Any CPU.Build.0 = Debug|Any CPU
		{22AD08E2-F3F0-4B99-94CB-C5761CF07A62}.Release|Any CPU.ActiveCfg = Release|Any CPU
		{22AD08E2-F3F0-4B99-94CB-C5761CF07A62}.Release|Any CPU.Build.0 = Release|Any CPU
	EndGlobalSection
	GlobalSection(SolutionProperties) = preSolution
		HideSolutionNode = FALSE
	EndGlobalSection
	GlobalSection(ExtensibilityGlobals) = postSolution
		SolutionGuid = {729C959D-44A4-420A-AEF4-EA305CECE9F5}
	EndGlobalSection
EndGlobal
